
Microsoft Visual Studio Solution File, Format Version 12.00
# Visual Studio Version 16
VisualStudioVersion = 16.0.31729.503
MinimumVisualStudioVersion = 10.0.40219.1
Project("{FAE04EC0-301F-11D3-BF4B-00C04F79EFBC}") = "HomeWork 17", "HomeWork 17\HomeWork 17.csproj", "{3220904B-33E8-46AE-B87F-F1C0C9F6AF43}"
EndProject
Global
	GlobalSection(SolutionConfigurationPlatforms) = preSolution
		Debug|Any CPU = Debug|Any CPU
		Release|Any CPU = Release|Any CPU
	EndGlobalSection
	GlobalSection(ProjectConfigurationPlatforms) = postSolution
		{3220904B-33E8-46AE-B87F-F1C0C9F6AF43}.Debug|Any CPU.ActiveCfg = Debug|Any CPU
		{3220904B-33E8-46AE-B87F-F1C0C9F6AF43}.Debug|Any CPU.Build.0 = Debug|Any CPU
		{3220904B-33E8-46AE-B87F-F1C0C9F6AF43}.Release|Any CPU.ActiveCfg = Release|Any CPU
		{3220904B-33E8-46AE-B87F-F1C0C9F6AF43}.Release|Any CPU.Build.0 = Release|Any CPU
	EndGlobalSection
	GlobalSection(SolutionProperties) = preSolution
		HideSolutionNode = FALSE
	EndGlobalSection
	GlobalSection(ExtensibilityGlobals) = postSolution
		SolutionGuid = {61F2D3A2-71B7-4531-BFAA-0267DC261194}
	EndGlobalSection
EndGlobal
